{
  "name": "client",
  "version": "0.0.0",
  "lockfileVersion": 1,
  "dependencies": {
    "@types/http-status-codes": {
      "version": "1.0.29",
      "resolved": "https://registry.npmjs.org/@types/http-status-codes/-/http-status-codes-1.0.29.tgz",
      "integrity": "sha1-0wjJqh+R9kwOb3Ud4nieh8fwqgw="
    }
  }
}
